
Microsoft Visual Studio Solution File, Format Version 12.00
# Visual Studio Version 16
VisualStudioVersion = 16.0.31129.286
MinimumVisualStudioVersion = 10.0.40219.1
Project("{FAE04EC0-301F-11D3-BF4B-00C04F79EFBC}") = "WebProjetoP2", "WebProjetoP2\WebProjetoP2.csproj", "{008EAE2F-B7BB-4848-A896-34BF9291C6BC}"
EndProject
Global
	GlobalSection(SolutionConfigurationPlatforms) = preSolution
		Debug|Any CPU = Debug|Any CPU
		Release|Any CPU = Release|Any CPU
	EndGlobalSection
	GlobalSection(ProjectConfigurationPlatforms) = postSolution
		{008EAE2F-B7BB-4848-A896-34BF9291C6BC}.Debug|Any CPU.ActiveCfg = Debug|Any CPU
		{008EAE2F-B7BB-4848-A896-34BF9291C6BC}.Debug|Any CPU.Build.0 = Debug|Any CPU
		{008EAE2F-B7BB-4848-A896-34BF9291C6BC}.Release|Any CPU.ActiveCfg = Release|Any CPU
		{008EAE2F-B7BB-4848-A896-34BF9291C6BC}.Release|Any CPU.Build.0 = Release|Any CPU
	EndGlobalSection
	GlobalSection(SolutionProperties) = preSolution
		HideSolutionNode = FALSE
	EndGlobalSection
	GlobalSection(ExtensibilityGlobals) = postSolution
		SolutionGuid = {68C9450D-2758-4563-BE68-848DA400EE2B}
	EndGlobalSection
EndGlobal
